// !$*UTF8*$!
{
	archiveVersion = 1;
	classes = {
	};
	objectVersion = 55;
	objects = {

/* Begin PBXBuildFile section */
		47A952AA2830FB28003C079A /* metro.wav in Resources */ = {isa = PBXBuildFile; fileRef = 47A952A62830FB27003C079A /* metro.wav */; };
		47A952AB2830FB28003C079A /* cafe.wav in Resources */ = {isa = PBXBuildFile; fileRef = 47A952A72830FB28003C079A /* cafe.wav */; };
		47A952AC2830FB28003C079A /* park.wav in Resources */ = {isa = PBXBuildFile; fileRef = 47A952A82830FB28003C079A /* park.wav */; };
		47A952AD2830FB28003C079A /* kitchen.wav in Resources */ = {isa = PBXBuildFile; fileRef = 47A952A92830FB28003C079A /* kitchen.wav */; };
		47A952B12830FC15003C079A /* MLModelManager.swift in Sources */ = {isa = PBXBuildFile; fileRef = 47A952B02830FC15003C079A /* MLModelManager.swift */; };
		47A952B728311F5E003C079A /* MLMultiArray.swift in Sources */ = {isa = PBXBuildFile; fileRef = 47A952B628311F5D003C079A /* MLMultiArray.swift */; };
		47BF3725283133B90074FCB3 /* SongTableViewCell.xib in Resources */ = {isa = PBXBuildFile; fileRef = 47BF3724283133B90074FCB3 /* SongTableViewCell.xib */; };
		47BF3727283135020074FCB3 /* SongTableViewCell.swift in Sources */ = {isa = PBXBuildFile; fileRef = 47BF3726283135020074FCB3 /* SongTableViewCell.swift */; };
		47BF3729283138E60074FCB3 /* denoiser.mlmodel in Sources */ = {isa = PBXBuildFile; fileRef = 47BF3728283138E60074FCB3 /* denoiser.mlmodel */; };
		47D18B702829279800456B04 /* AppDelegate.swift in Sources */ = {isa = PBXBuildFile; fileRef = 47D18B6F2829279800456B04 /* AppDelegate.swift */; };
		47D18B722829279800456B04 /* SceneDelegate.swift in Sources */ = {isa = PBXBuildFile; fileRef = 47D18B712829279800456B04 /* SceneDelegate.swift */; };
		47D18B742829279800456B04 /* ViewController.swift in Sources */ = {isa = PBXBuildFile; fileRef = 47D18B732829279800456B04 /* ViewController.swift */; };
		47D18B772829279800456B04 /* Main.storyboard in Resources */ = {isa = PBXBuildFile; fileRef = 47D18B752829279800456B04 /* Main.storyboard */; };
		47D18B792829279A00456B04 /* Assets.xcassets in Resources */ = {isa = PBXBuildFile; fileRef = 47D18B782829279A00456B04 /* Assets.xcassets */; };
		47D18B7C2829279A00456B04 /* LaunchScreen.storyboard in Resources */ = {isa = PBXBuildFile; fileRef = 47D18B7A2829279A00456B04 /* LaunchScreen.storyboard */; };
/* End PBXBuildFile section */

/* Begin PBXFileReference section */
		47A952A62830FB27003C079A /* metro.wav */ = {isa = PBXFileReference; lastKnownFileType = audio.wav; path = metro.wav; sourceTree = "<group>"; };
		47A952A72830FB28003C079A /* cafe.wav */ = {isa = PBXFileReference; lastKnownFileType = audio.wav; path = cafe.wav; sourceTree = "<group>"; };
		47A952A82830FB28003C079A /* park.wav */ = {isa = PBXFileReference; lastKnownFileType = audio.wav; path = park.wav; sourceTree = "<group>"; };
		47A952A92830FB28003C079A /* kitchen.wav */ = {isa = PBXFileReference; lastKnownFileType = audio.wav; path = kitchen.wav; sourceTree = "<group>"; };
		47A952B02830FC15003C079A /* MLModelManager.swift */ = {isa = PBXFileReference; lastKnownFileType = sourcecode.swift; path = MLModelManager.swift; sourceTree = "<group>"; };
		47A952B628311F5D003C079A /* MLMultiArray.swift */ = {isa = PBXFileReference; lastKnownFileType = sourcecode.swift; path = MLMultiArray.swift; sourceTree = "<group>"; };
		47BF3724283133B90074FCB3 /* SongTableViewCell.xib */ = {isa = PBXFileReference; lastKnownFileType = file.xib; path = SongTableViewCell.xib; sourceTree = "<group>"; };
		47BF3726283135020074FCB3 /* SongTableViewCell.swift */ = {isa = PBXFileReference; lastKnownFileType = sourcecode.swift; path = SongTableViewCell.swift; sourceTree = "<group>"; };
		47BF3728283138E60074FCB3 /* denoiser.mlmodel */ = {isa = PBXFileReference; lastKnownFileType = file.mlmodel; path = denoiser.mlmodel; sourceTree = "<group>"; };
		47D18B6C2829279800456B04 /* AudioPlayer.app */ = {isa = PBXFileReference; explicitFileType = wrapper.application; includeInIndex = 0; path = AudioPlayer.app; sourceTree = BUILT_PRODUCTS_DIR; };
		47D18B6F2829279800456B04 /* AppDelegate.swift */ = {isa = PBXFileReference; lastKnownFileType = sourcecode.swift; path = AppDelegate.swift; sourceTree = "<group>"; };
		47D18B712829279800456B04 /* SceneDelegate.swift */ = {isa = PBXFileReference; lastKnownFileType = sourcecode.swift; path = SceneDelegate.swift; sourceTree = "<group>"; };
		47D18B732829279800456B04 /* ViewController.swift */ = {isa = PBXFileReference; lastKnownFileType = sourcecode.swift; path = ViewController.swift; sourceTree = "<group>"; };
		47D18B762829279800456B04 /* Base */ = {isa = PBXFileReference; lastKnownFileType = file.storyboard; name = Base; path = Base.lproj/Main.storyboard; sourceTree = "<group>"; };
		47D18B782829279A00456B04 /* Assets.xcassets */ = {isa = PBXFileReference; lastKnownFileType = folder.assetcatalog; path = Assets.xcassets; sourceTree = "<group>"; };
		47D18B7B2829279A00456B04 /* Base */ = {isa = PBXFileReference; lastKnownFileType = file.storyboard; name = Base; path = Base.lproj/LaunchScreen.storyboard; sourceTree = "<group>"; };
		47D18B7D2829279A00456B04 /* Info.plist */ = {isa = PBXFileReference; lastKnownFileType = text.plist.xml; path = Info.plist; sourceTree = "<group>"; };
/* End PBXFileReference section */

/* Begin PBXFrameworksBuildPhase section */
		47D18B692829279800456B04 /* Frameworks */ = {
			isa = PBXFrameworksBuildPhase;
			buildActionMask = 2147483647;
			files = (
			);
			runOnlyForDeploymentPostprocessing = 0;
		};
/* End PBXFrameworksBuildPhase section */

/* Begin PBXGroup section */
		47A952A42830FABC003C079A /* Resources */ = {
			isa = PBXGroup;
			children = (
				47BF3728283138E60074FCB3 /* denoiser.mlmodel */,
				47A952A52830FB09003C079A /* Sounds */,
				47D18B782829279A00456B04 /* Assets.xcassets */,
			);
			path = Resources;
			sourceTree = "<group>";
		};
		47A952A52830FB09003C079A /* Sounds */ = {
			isa = PBXGroup;
			children = (
				47A952A72830FB28003C079A /* cafe.wav */,
				47A952A92830FB28003C079A /* kitchen.wav */,
				47A952A62830FB27003C079A /* metro.wav */,
				47A952A82830FB28003C079A /* park.wav */,
			);
			path = Sounds;
			sourceTree = "<group>";
		};
		47D18B632829279800456B04 = {
			isa = PBXGroup;
			children = (
				47D18B6E2829279800456B04 /* AudioPlayer */,
				47D18B6D2829279800456B04 /* Products */,
			);
			sourceTree = "<group>";
		};
		47D18B6D2829279800456B04 /* Products */ = {
			isa = PBXGroup;
			children = (
				47D18B6C2829279800456B04 /* AudioPlayer.app */,
			);
			name = Products;
			sourceTree = "<group>";
		};
		47D18B6E2829279800456B04 /* AudioPlayer */ = {
			isa = PBXGroup;
			children = (
				47D18B6F2829279800456B04 /* AppDelegate.swift */,
				47D18B712829279800456B04 /* SceneDelegate.swift */,
				47D18B732829279800456B04 /* ViewController.swift */,
				47D18B752829279800456B04 /* Main.storyboard */,
				47A952A42830FABC003C079A /* Resources */,
				47D18B7A2829279A00456B04 /* LaunchScreen.storyboard */,
				47D18B7D2829279A00456B04 /* Info.plist */,
				47A952B02830FC15003C079A /* MLModelManager.swift */,
				47A952B628311F5D003C079A /* MLMultiArray.swift */,
				47BF3724283133B90074FCB3 /* SongTableViewCell.xib */,
				47BF3726283135020074FCB3 /* SongTableViewCell.swift */,
			);
			path = AudioPlayer;
			sourceTree = "<group>";
		};
/* End PBXGroup section */

/* Begin PBXNativeTarget section */
		47D18B6B2829279800456B04 /* AudioPlayer */ = {
			isa = PBXNativeTarget;
			buildConfigurationList = 47D18B802829279A00456B04 /* Build configuration list for PBXNativeTarget "AudioPlayer" */;
			buildPhases = (
				47D18B682829279800456B04 /* Sources */,
				47D18B692829279800456B04 /* Frameworks */,
				47D18B6A2829279800456B04 /* Resources */,
			);
			buildRules = (
			);
			dependencies = (
			);
			name = AudioPlayer;
			productName = AudioPlayer;
			productReference = 47D18B6C2829279800456B04 /* AudioPlayer.app */;
			productType = "com.apple.product-type.application";
		};
/* End PBXNativeTarget section */

/* Begin PBXProject section */
		47D18B642829279800456B04 /* Project object */ = {
			isa = PBXProject;
			attributes = {
				BuildIndependentTargetsInParallel = 1;
				LastSwiftUpdateCheck = 1320;
				LastUpgradeCheck = 1320;
				TargetAttributes = {
					47D18B6B2829279800456B04 = {
						CreatedOnToolsVersion = 13.2.1;
					};
				};
			};
			buildConfigurationList = 47D18B672829279800456B04 /* Build configuration list for PBXProject "AudioPlayer" */;
			compatibilityVersion = "Xcode 13.0";
			developmentRegion = en;
			hasScannedForEncodings = 0;
			knownRegions = (
				en,
				Base,
			);
			mainGroup = 47D18B632829279800456B04;
			productRefGroup = 47D18B6D2829279800456B04 /* Products */;
			projectDirPath = "";
			projectRoot = "";
			targets = (
				47D18B6B2829279800456B04 /* AudioPlayer */,
			);
		};
/* End PBXProject section */

/* Begin PBXResourcesBuildPhase section */
		47D18B6A2829279800456B04 /* Resources */ = {
			isa = PBXResourcesBuildPhase;
			buildActionMask = 2147483647;
			files = (
				47BF3725283133B90074FCB3 /* SongTableViewCell.xib in Resources */,
				47A952AD2830FB28003C079A /* kitchen.wav in Resources */,
				47A952AC2830FB28003C079A /* park.wav in Resources */,
				47A952AB2830FB28003C079A /* cafe.wav in Resources */,
				47A952AA2830FB28003C079A /* metro.wav in Resources */,
				47D18B7C2829279A00456B04 /* LaunchScreen.storyboard in Resources */,
				47D18B792829279A00456B04 /* Assets.xcassets in Resources */,
				47D18B772829279800456B04 /* Main.storyboard in Resources */,
			);
			runOnlyForDeploymentPostprocessing = 0;
		};
/* End PBXResourcesBuildPhase section */

/* Begin PBXSourcesBuildPhase section */
		47D18B682829279800456B04 /* Sources */ = {
			isa = PBXSourcesBuildPhase;
			buildActionMask = 2147483647;
			files = (
				47D18B742829279800456B04 /* ViewController.swift in Sources */,
				47A952B12830FC15003C079A /* MLModelManager.swift in Sources */,
				47BF3727283135020074FCB3 /* SongTableViewCell.swift in Sources */,
				47D18B702829279800456B04 /* AppDelegate.swift in Sources */,
				47BF3729283138E60074FCB3 /* denoiser.mlmodel in Sources */,
				47A952B728311F5E003C079A /* MLMultiArray.swift in Sources */,
				47D18B722829279800456B04 /* SceneDelegate.swift in Sources */,
			);
			runOnlyForDeploymentPostprocessing = 0;
		};
/* End PBXSourcesBuildPhase section */

/* Begin PBXVariantGroup section */
		47D18B752829279800456B04 /* Main.storyboard */ = {
			isa = PBXVariantGroup;
			children = (
				47D18B762829279800456B04 /* Base */,
			);
			name = Main.storyboard;
			sourceTree = "<group>";
		};
		47D18B7A2829279A00456B04 /* LaunchScreen.storyboard */ = {
			isa = PBXVariantGroup;
			children = (
				47D18B7B2829279A00456B04 /* Base */,
			);
			name = LaunchScreen.storyboard;
			sourceTree = "<group>";
		};
/* End PBXVariantGroup section */

/* Begin XCBuildConfiguration section */
		47D18B7E2829279A00456B04 /* Debug */ = {
			isa = XCBuildConfiguration;
			buildSettings = {
				ALWAYS_SEARCH_USER_PATHS = NO;
				CLANG_ANALYZER_NONNULL = YES;
				CLANG_ANALYZER_NUMBER_OBJECT_CONVERSION = YES_AGGRESSIVE;
				CLANG_CXX_LANGUAGE_STANDARD = "gnu++17";
				CLANG_CXX_LIBRARY = "libc++";
				CLANG_ENABLE_MODULES = YES;
				CLANG_ENABLE_OBJC_ARC = YES;
				CLANG_ENABLE_OBJC_WEAK = YES;
				CLANG_WARN_BLOCK_CAPTURE_AUTORELEASING = YES;
				CLANG_WARN_BOOL_CONVERSION = YES;
				CLANG_WARN_COMMA = YES;
				CLANG_WARN_CONSTANT_CONVERSION = YES;
				CLANG_WARN_DEPRECATED_OBJC_IMPLEMENTATIONS = YES;
				CLANG_WARN_DIRECT_OBJC_ISA_USAGE = YES_ERROR;
				CLANG_WARN_DOCUMENTATION_COMMENTS = YES;
				CLANG_WARN_EMPTY_BODY = YES;
				CLANG_WARN_ENUM_CONVERSION = YES;
				CLANG_WARN_INFINITE_RECURSION = YES;
				CLANG_WARN_INT_CONVERSION = YES;
				CLANG_WARN_NON_LITERAL_NULL_CONVERSION = YES;
				CLANG_WARN_OBJC_IMPLICIT_RETAIN_SELF = YES;
				CLANG_WARN_OBJC_LITERAL_CONVERSION = YES;
				CLANG_WARN_OBJC_ROOT_CLASS = YES_ERROR;
				CLANG_WARN_QUOTED_INCLUDE_IN_FRAMEWORK_HEADER = YES;
				CLANG_WARN_RANGE_LOOP_ANALYSIS = YES;
				CLANG_WARN_STRICT_PROTOTYPES = YES;
				CLANG_WARN_SUSPICIOUS_MOVE = YES;
				CLANG_WARN_UNGUARDED_AVAILABILITY = YES_AGGRESSIVE;
				CLANG_WARN_UNREACHABLE_CODE = YES;
				CLANG_WARN__DUPLICATE_METHOD_MATCH = YES;
				COPY_PHASE_STRIP = NO;
				DEBUG_INFORMATION_FORMAT = dwarf;
				ENABLE_STRICT_OBJC_MSGSEND = YES;
				ENABLE_TESTABILITY = YES;
				GCC_C_LANGUAGE_STANDARD = gnu11;
				GCC_DYNAMIC_NO_PIC = NO;
				GCC_NO_COMMON_BLOCKS = YES;
				GCC_OPTIMIZATION_LEVEL = 0;
				GCC_PREPROCESSOR_DEFINITIONS = (
					"DEBUG=1",
					"$(inherited)",
				);
				GCC_WARN_64_TO_32_BIT_CONVERSION = YES;
				GCC_WARN_ABOUT_RETURN_TYPE = YES_ERROR;
				GCC_WARN_UNDECLARED_SELECTOR = YES;
				GCC_WARN_UNINITIALIZED_AUTOS = YES_AGGRESSIVE;
				GCC_WARN_UNUSED_FUNCTION = YES;
				GCC_WARN_UNUSED_VARIABLE = YES;
				IPHONEOS_DEPLOYMENT_TARGET = 15.2;
				MTL_ENABLE_DEBUG_INFO = INCLUDE_SOURCE;
				MTL_FAST_MATH = YES;
				ONLY_ACTIVE_ARCH = YES;
				SDKROOT = iphoneos;
				SWIFT_ACTIVE_COMPILATION_CONDITIONS = DEBUG;
				SWIFT_OPTIMIZATION_LEVEL = "-Onone";
			};
			name = Debug;
		};
		47D18B7F2829279A00456B04 /* Release */ = {
			isa = XCBuildConfiguration;
			buildSettings = {
				ALWAYS_SEARCH_USER_PATHS = NO;
				CLANG_ANALYZER_NONNULL = YES;
				CLANG_ANALYZER_NUMBER_OBJECT_CONVERSION = YES_AGGRESSIVE;
				CLANG_CXX_LANGUAGE_STANDARD = "gnu++17";
				CLANG_CXX_LIBRARY = "libc++";
				CLANG_ENABLE_MODULES = YES;
				CLANG_ENABLE_OBJC_ARC = YES;
				CLANG_ENABLE_OBJC_WEAK = YES;
				CLANG_WARN_BLOCK_CAPTURE_AUTORELEASING = YES;
				CLANG_WARN_BOOL_CONVERSION = YES;
				CLANG_WARN_COMMA = YES;
				CLANG_WARN_CONSTANT_CONVERSION = YES;
				CLANG_WARN_DEPRECATED_OBJC_IMPLEMENTATIONS = YES;
				CLANG_WARN_DIRECT_OBJC_ISA_USAGE = YES_ERROR;
				CLANG_WARN_DOCUMENTATION_COMMENTS = YES;
				CLANG_WARN_EMPTY_BODY = YES;
				CLANG_WARN_ENUM_CONVERSION = YES;
				CLANG_WARN_INFINITE_RECURSION = YES;
				CLANG_WARN_INT_CONVERSION = YES;
				CLANG_WARN_NON_LITERAL_NULL_CONVERSION = YES;
				CLANG_WARN_OBJC_IMPLICIT_RETAIN_SELF = YES;
				CLANG_WARN_OBJC_LITERAL_CONVERSION = YES;
				CLANG_WARN_OBJC_ROOT_CLASS = YES_ERROR;
				CLANG_WARN_QUOTED_INCLUDE_IN_FRAMEWORK_HEADER = YES;
				CLANG_WARN_RANGE_LOOP_ANALYSIS = YES;
				CLANG_WARN_STRICT_PROTOTYPES = YES;
				CLANG_WARN_SUSPICIOUS_MOVE = YES;
				CLANG_WARN_UNGUARDED_AVAILABILITY = YES_AGGRESSIVE;
				CLANG_WARN_UNREACHABLE_CODE = YES;
				CLANG_WARN__DUPLICATE_METHOD_MATCH = YES;
				COPY_PHASE_STRIP = NO;
				DEBUG_INFORMATION_FORMAT = "dwarf-with-dsym";
				ENABLE_NS_ASSERTIONS = NO;
				ENABLE_STRICT_OBJC_MSGSEND = YES;
				GCC_C_LANGUAGE_STANDARD = gnu11;
				GCC_NO_COMMON_BLOCKS = YES;
				GCC_WARN_64_TO_32_BIT_CONVERSION = YES;
				GCC_WARN_ABOUT_RETURN_TYPE = YES_ERROR;
				GCC_WARN_UNDECLARED_SELECTOR = YES;
				GCC_WARN_UNINITIALIZED_AUTOS = YES_AGGRESSIVE;
				GCC_WARN_UNUSED_FUNCTION = YES;
				GCC_WARN_UNUSED_VARIABLE = YES;
				IPHONEOS_DEPLOYMENT_TARGET = 15.2;
				MTL_ENABLE_DEBUG_INFO = NO;
				MTL_FAST_MATH = YES;
				SDKROOT = iphoneos;
				SWIFT_COMPILATION_MODE = wholemodule;
				SWIFT_OPTIMIZATION_LEVEL = "-O";
				VALIDATE_PRODUCT = YES;
			};
			name = Release;
		};
		47D18B812829279A00456B04 /* Debug */ = {
			isa = XCBuildConfiguration;
			buildSettings = {
				ASSETCATALOG_COMPILER_APPICON_NAME = AppIcon;
				ASSETCATALOG_COMPILER_GLOBAL_ACCENT_COLOR_NAME = AccentColor;
				CODE_SIGN_STYLE = Automatic;
				CURRENT_PROJECT_VERSION = 1;
				DEVELOPMENT_TEAM = XZH6D6T2P2;
				GENERATE_INFOPLIST_FILE = YES;
				INFOPLIST_FILE = AudioPlayer/Info.plist;
				INFOPLIST_KEY_UIApplicationSupportsIndirectInputEvents = YES;
				INFOPLIST_KEY_UILaunchStoryboardName = LaunchScreen;
				INFOPLIST_KEY_UIMainStoryboardFile = Main;
				INFOPLIST_KEY_UISupportedInterfaceOrientations_iPad = "UIInterfaceOrientationPortrait UIInterfaceOrientationPortraitUpsideDown UIInterfaceOrientationLandscapeLeft UIInterfaceOrientationLandscapeRight";
				INFOPLIST_KEY_UISupportedInterfaceOrientations_iPhone = "UIInterfaceOrientationPortrait UIInterfaceOrientationLandscapeLeft UIInterfaceOrientationLandscapeRight";
				LD_RUNPATH_SEARCH_PATHS = (
					"$(inherited)",
					"@executable_path/Frameworks",
				);
				MARKETING_VERSION = 1.0;
				PRODUCT_BUNDLE_IDENTIFIER = "com.daryouush-first-swift-app.AudioPlayer-vashkpi";
				PRODUCT_NAME = "$(TARGET_NAME)";
				SWIFT_EMIT_LOC_STRINGS = YES;
				SWIFT_VERSION = 5.0;
				TARGETED_DEVICE_FAMILY = "1,2";
			};
			name = Debug;
		};
		47D18B822829279A00456B04 /* Release */ = {
			isa = XCBuildConfiguration;
			buildSettings = {
				ASSETCATALOG_COMPILER_APPICON_NAME = AppIcon;
				ASSETCATALOG_COMPILER_GLOBAL_ACCENT_COLOR_NAME = AccentColor;
				CODE_SIGN_STYLE = Automatic;
				CURRENT_PROJECT_VERSION = 1;
				DEVELOPMENT_TEAM = XZH6D6T2P2;
				GENERATE_INFOPLIST_FILE = YES;
				INFOPLIST_FILE = AudioPlayer/Info.plist;
				INFOPLIST_KEY_UIApplicationSupportsIndirectInputEvents = YES;
				INFOPLIST_KEY_UILaunchStoryboardName = LaunchScreen;
				INFOPLIST_KEY_UIMainStoryboardFile = Main;
				INFOPLIST_KEY_UISupportedInterfaceOrientations_iPad = "UIInterfaceOrientationPortrait UIInterfaceOrientationPortraitUpsideDown UIInterfaceOrientationLandscapeLeft UIInterfaceOrientationLandscapeRight";
				INFOPLIST_KEY_UISupportedInterfaceOrientations_iPhone = "UIInterfaceOrientationPortrait UIInterfaceOrientationLandscapeLeft UIInterfaceOrientationLandscapeRight";
				LD_RUNPATH_SEARCH_PATHS = (
					"$(inherited)",
					"@executable_path/Frameworks",
				);
				MARKETING_VERSION = 1.0;
				PRODUCT_BUNDLE_IDENTIFIER = "com.daryouush-first-swift-app.AudioPlayer-vashkpi";
				PRODUCT_NAME = "$(TARGET_NAME)";
				SWIFT_EMIT_LOC_STRINGS = YES;
				SWIFT_VERSION = 5.0;
				TARGETED_DEVICE_FAMILY = "1,2";
			};
			name = Release;
		};
/* End XCBuildConfiguration section */

/* Begin XCConfigurationList section */
		47D18B672829279800456B04 /* Build configuration list for PBXProject "AudioPlayer" */ = {
			isa = XCConfigurationList;
			buildConfigurations = (
				47D18B7E2829279A00456B04 /* Debug */,
				47D18B7F2829279A00456B04 /* Release */,
			);
			defaultConfigurationIsVisible = 0;
			defaultConfigurationName = Release;
		};
		47D18B802829279A00456B04 /* Build configuration list for PBXNativeTarget "AudioPlayer" */ = {
			isa = XCConfigurationList;
			buildConfigurations = (
				47D18B812829279A00456B04 /* Debug */,
				47D18B822829279A00456B04 /* Release */,
			);
			defaultConfigurationIsVisible = 0;
			defaultConfigurationName = Release;
		};
/* End XCConfigurationList section */
	};
	rootObject = 47D18B642829279800456B04 /* Project object */;
}
